
Microsoft Visual Studio Solution File, Format Version 12.00
# Visual Studio 14
VisualStudioVersion = 14.0.24720.0
MinimumVisualStudioVersion = 10.0.40219.1
Project("{FAE04EC0-301F-11D3-BF4B-00C04F79EFBC}") = "Jones.Utilities", "Jones.Utilities\Jones.Utilities.csproj", "{7D75A726-2AF9-4199-AE60-A66805F43F5E}"
EndProject
Project("{FAE04EC0-301F-11D3-BF4B-00C04F79EFBC}") = "TestHarness", "TestHarness\TestHarness.csproj", "{40FF24D1-97B7-4C06-BA2C-932701FF5EFB}"
EndProject
Global
	GlobalSection(SolutionConfigurationPlatforms) = preSolution
		Debug|Any CPU = Debug|Any CPU
		Release|Any CPU = Release|Any CPU
	EndGlobalSection
	GlobalSection(ProjectConfigurationPlatforms) = postSolution
		{7D75A726-2AF9-4199-AE60-A66805F43F5E}.Debug|Any CPU.ActiveCfg = Debug|Any CPU
		{7D75A726-2AF9-4199-AE60-A66805F43F5E}.Debug|Any CPU.Build.0 = Debug|Any CPU
		{7D75A726-2AF9-4199-AE60-A66805F43F5E}.Release|Any CPU.ActiveCfg = Release|Any CPU
		{7D75A726-2AF9-4199-AE60-A66805F43F5E}.Release|Any CPU.Build.0 = Release|Any CPU
		{40FF24D1-97B7-4C06-BA2C-932701FF5EFB}.Debug|Any CPU.ActiveCfg = Debug|Any CPU
		{40FF24D1-97B7-4C06-BA2C-932701FF5EFB}.Debug|Any CPU.Build.0 = Debug|Any CPU
		{40FF24D1-97B7-4C06-BA2C-932701FF5EFB}.Release|Any CPU.ActiveCfg = Release|Any CPU
		{40FF24D1-97B7-4C06-BA2C-932701FF5EFB}.Release|Any CPU.Build.0 = Release|Any CPU
	EndGlobalSection
	GlobalSection(SolutionProperties) = preSolution
		HideSolutionNode = FALSE
	EndGlobalSection
EndGlobal
